// !$*UTF8*$!
{
	archiveVersion = 1;
	classes = {
	};
	objectVersion = 50;
	objects = {

/* Begin PBXBuildFile section */
		0A021BEB235AC26C0017D8BB /* AppDelegate.m in Sources */ = {isa = PBXBuildFile; fileRef = 0A021BEA235AC26C0017D8BB /* AppDelegate.m */; };
		0A021BF1235AC26C0017D8BB /* ViewController.m in Sources */ = {isa = PBXBuildFile; fileRef = 0A021BF0235AC26C0017D8BB /* ViewController.m */; };
		0A021BF4235AC26C0017D8BB /* Main.storyboard in Resources */ = {isa = PBXBuildFile; fileRef = 0A021BF2235AC26C0017D8BB /* Main.storyboard */; };
		0A021BF6235AC2710017D8BB /* Assets.xcassets in Resources */ = {isa = PBXBuildFile; fileRef = 0A021BF5235AC2710017D8BB /* Assets.xcassets */; };
		0A021BF9235AC2710017D8BB /* LaunchScreen.storyboard in Resources */ = {isa = PBXBuildFile; fileRef = 0A021BF7235AC2710017D8BB /* LaunchScreen.storyboard */; };
		0A021BFC235AC2710017D8BB /* main.m in Sources */ = {isa = PBXBuildFile; fileRef = 0A021BFB235AC2710017D8BB /* main.m */; };
		0A021C06235AC2720017D8BB /* ChinaNuclearSmartSiteTests.m in Sources */ = {isa = PBXBuildFile; fileRef = 0A021C05235AC2720017D8BB /* ChinaNuclearSmartSiteTests.m */; };
		0A021C11235AC2720017D8BB /* ChinaNuclearSmartSiteUITests.m in Sources */ = {isa = PBXBuildFile; fileRef = 0A021C10235AC2720017D8BB /* ChinaNuclearSmartSiteUITests.m */; };
		0A021C20235ADE250017D8BB /* AppDelegate+push.m in Sources */ = {isa = PBXBuildFile; fileRef = 0A021C1F235ADE250017D8BB /* AppDelegate+push.m */; };
		0A021C38235ADF460017D8BB /* AVAsset+WMAdditons.m in Sources */ = {isa = PBXBuildFile; fileRef = 0A021C31235ADF440017D8BB /* AVAsset+WMAdditons.m */; };
		0A021C39235ADF460017D8BB /* UIAlertView+WMAddtions.m in Sources */ = {isa = PBXBuildFile; fileRef = 0A021C32235ADF450017D8BB /* UIAlertView+WMAddtions.m */; };
		0A021C3A235ADF460017D8BB /* UIView+WMAddtions.m in Sources */ = {isa = PBXBuildFile; fileRef = 0A021C33235ADF450017D8BB /* UIView+WMAddtions.m */; };
		0A021C3B235ADF460017D8BB /* NSTimer+WMAddtions.m in Sources */ = {isa = PBXBuildFile; fileRef = 0A021C35235ADF450017D8BB /* NSTimer+WMAddtions.m */; };
		0A15C34423605C5900661D23 /* TFFileUploadManager.m in Sources */ = {isa = PBXBuildFile; fileRef = 0A15C34323605C5800661D23 /* TFFileUploadManager.m */; };
		0A15C34723605C6000661D23 /* WMHttpManager.m in Sources */ = {isa = PBXBuildFile; fileRef = 0A15C34523605C6000661D23 /* WMHttpManager.m */; };
		0A15C34A23605D1200661D23 /* PhoneNotification.m in Sources */ = {isa = PBXBuildFile; fileRef = 0A15C34923605D1200661D23 /* PhoneNotification.m */; };
		0A15C38D2360636E00661D23 /* UIImage+Zirkfied.m in Sources */ = {isa = PBXBuildFile; fileRef = 0A15C3792360636D00661D23 /* UIImage+Zirkfied.m */; };
		0A15C38E2360636E00661D23 /* UIColor+Zirkfied.m in Sources */ = {isa = PBXBuildFile; fileRef = 0A15C37A2360636D00661D23 /* UIColor+Zirkfied.m */; };
		0A15C38F2360636E00661D23 /* ZFConst.m in Sources */ = {isa = PBXBuildFile; fileRef = 0A15C37E2360636D00661D23 /* ZFConst.m */; };
		0A15C3902360636E00661D23 /* ZFScanViewController.m in Sources */ = {isa = PBXBuildFile; fileRef = 0A15C3802360636D00661D23 /* ZFScanViewController.m */; };
		0A15C3912360636E00661D23 /* ZFMaskView.m in Sources */ = {isa = PBXBuildFile; fileRef = 0A15C3832360636D00661D23 /* ZFMaskView.m */; };
		0A15C3922360636E00661D23 /* QRCodeScanLine@2x.png in Resources */ = {isa = PBXBuildFile; fileRef = 0A15C3852360636D00661D23 /* QRCodeScanLine@2x.png */; };
		0A15C3932360636E00661D23 /* Down@2x.png in Resources */ = {isa = PBXBuildFile; fileRef = 0A15C3862360636D00661D23 /* Down@2x.png */; };
		0A15C3942360636E00661D23 /* ScanQR3@2x.png in Resources */ = {isa = PBXBuildFile; fileRef = 0A15C3872360636D00661D23 /* ScanQR3@2x.png */; };
		0A15C3952360636E00661D23 /* ScanQR1@2x.png in Resources */ = {isa = PBXBuildFile; fileRef = 0A15C3882360636D00661D23 /* ScanQR1@2x.png */; };
		0A15C3962360636E00661D23 /* ScanQR4@2x.png in Resources */ = {isa = PBXBuildFile; fileRef = 0A15C3892360636D00661D23 /* ScanQR4@2x.png */; };
		0A15C3972360636E00661D23 /* Flashlight_N@2x.png in Resources */ = {isa = PBXBuildFile; fileRef = 0A15C38A2360636D00661D23 /* Flashlight_N@2x.png */; };
		0A15C3982360636E00661D23 /* ScanQR2@2x.png in Resources */ = {isa = PBXBuildFile; fileRef = 0A15C38B2360636D00661D23 /* ScanQR2@2x.png */; };
		0A15C3992360636E00661D23 /* Flashlight_H@2x.png in Resources */ = {isa = PBXBuildFile; fileRef = 0A15C38C2360636D00661D23 /* Flashlight_H@2x.png */; };
		0A52FB3523668DB40074EE65 /* index.html in Resources */ = {isa = PBXBuildFile; fileRef = 0A52FB2D23668DB40074EE65 /* index.html */; };
		0A52FB3623668DB40074EE65 /* index.css in Resources */ = {isa = PBXBuildFile; fileRef = 0A52FB2F23668DB40074EE65 /* index.css */; };
		0A52FB3723668DB40074EE65 /* index.js in Resources */ = {isa = PBXBuildFile; fileRef = 0A52FB3123668DB40074EE65 /* index.js */; };
		0A52FB3823668DB40074EE65 /* knowledge_icon.png in Resources */ = {isa = PBXBuildFile; fileRef = 0A52FB3323668DB40074EE65 /* knowledge_icon.png */; };
		0A52FB3923668DB40074EE65 /* .project in Resources */ = {isa = PBXBuildFile; fileRef = 0A52FB3423668DB40074EE65 /* .project */; };
		0A52FB3C2366E4360074EE65 /* UserModel.m in Sources */ = {isa = PBXBuildFile; fileRef = 0A52FB3B2366E4360074EE65 /* UserModel.m */; };
		0A55C661235DB898003D1636 /* UserNotifications.framework in Frameworks */ = {isa = PBXBuildFile; fileRef = 0A55C660235DB898003D1636 /* UserNotifications.framework */; };
		0A55C663235DDB2E003D1636 /* UIColor+expanded.m in Sources */ = {isa = PBXBuildFile; fileRef = 0A55C662235DDB2E003D1636 /* UIColor+expanded.m */; };
		0A92183623613A2F00AFD08B /* AppJSObject.m in Sources */ = {isa = PBXBuildFile; fileRef = 0A92183523613A2F00AFD08B /* AppJSObject.m */; };
		0A92183F2362DDB000AFD08B /* WebViewController.m in Sources */ = {isa = PBXBuildFile; fileRef = 0A92183E2362DDB000AFD08B /* WebViewController.m */; };
		0AF6670124FCE97500DE05F5 /* HikVideoPlayer.framework in Frameworks */ = {isa = PBXBuildFile; fileRef = 0AF666FC24FCE4A100DE05F5 /* HikVideoPlayer.framework */; };
		0AF6670224FCE97500DE05F5 /* HikVideoPlayer.framework in Embed Frameworks */ = {isa = PBXBuildFile; fileRef = 0AF666FC24FCE4A100DE05F5 /* HikVideoPlayer.framework */; settings = {ATTRIBUTES = (CodeSignOnCopy, RemoveHeadersOnCopy, ); }; };
		32169AD5300A8ECD6C0C97AB /* libPods-ChinaNuclearSmartSite.a in Frameworks */ = {isa = PBXBuildFile; fileRef = 63D58FDE34B2A349E3C2D3AB /* libPods-ChinaNuclearSmartSite.a */; };
/* End PBXBuildFile section */

/* Begin PBXContainerItemProxy section */
		0A021C02235AC2720017D8BB /* PBXContainerItemProxy */ = {
			isa = PBXContainerItemProxy;
			containerPortal = 0A021BDE235AC26C0017D8BB /* Project object */;
			proxyType = 1;
			remoteGlobalIDString = 0A021BE5235AC26C0017D8BB;
			remoteInfo = ChinaNuclearSmartSite;
		};
		0A021C0D235AC2720017D8BB /* PBXContainerItemProxy */ = {
			isa = PBXContainerItemProxy;
			containerPortal = 0A021BDE235AC26C0017D8BB /* Project object */;
			proxyType = 1;
			remoteGlobalIDString = 0A021BE5235AC26C0017D8BB;
			remoteInfo = ChinaNuclearSmartSite;
		};
/* End PBXContainerItemProxy section */

/* Begin PBXCopyFilesBuildPhase section */
		0A0DF77924FC8BED0084C3A1 /* Embed Frameworks */ = {
			isa = PBXCopyFilesBuildPhase;
			buildActionMask = 2147483647;
			dstPath = "";
			dstSubfolderSpec = 10;
			files = (
				0AF6670224FCE97500DE05F5 /* HikVideoPlayer.framework in Embed Frameworks */,
			);
			name = "Embed Frameworks";
			runOnlyForDeploymentPostprocessing = 0;
		};
/* End PBXCopyFilesBuildPhase section */

/* Begin PBXFileReference section */
		0A021BE6235AC26C0017D8BB /* 智慧工地.app */ = {isa = PBXFileReference; explicitFileType = wrapper.application; includeInIndex = 0; path = "智慧工地.app"; sourceTree = BUILT_PRODUCTS_DIR; };
		0A021BE9235AC26C0017D8BB /* AppDelegate.h */ = {isa = PBXFileReference; lastKnownFileType = sourcecode.c.h; path = AppDelegate.h; sourceTree = "<group>"; };
		0A021BEA235AC26C0017D8BB /* AppDelegate.m */ = {isa = PBXFileReference; lastKnownFileType = sourcecode.c.objc; path = AppDelegate.m; sourceTree = "<group>"; };
		0A021BEF235AC26C0017D8BB /* ViewController.h */ = {isa = PBXFileReference; lastKnownFileType = sourcecode.c.h; path = ViewController.h; sourceTree = "<group>"; };
		0A021BF0235AC26C0017D8BB /* ViewController.m */ = {isa = PBXFileReference; lastKnownFileType = sourcecode.c.objc; path = ViewController.m; sourceTree = "<group>"; };
		0A021BF3235AC26C0017D8BB /* Base */ = {isa = PBXFileReference; lastKnownFileType = file.storyboard; name = Base; path = Base.lproj/Main.storyboard; sourceTree = "<group>"; };
		0A021BF5235AC2710017D8BB /* Assets.xcassets */ = {isa = PBXFileReference; lastKnownFileType = folder.assetcatalog; path = Assets.xcassets; sourceTree = "<group>"; };
		0A021BF8235AC2710017D8BB /* Base */ = {isa = PBXFileReference; lastKnownFileType = file.storyboard; name = Base; path = Base.lproj/LaunchScreen.storyboard; sourceTree = "<group>"; };
		0A021BFA235AC2710017D8BB /* Info.plist */ = {isa = PBXFileReference; lastKnownFileType = text.plist.xml; path = Info.plist; sourceTree = "<group>"; };
		0A021BFB235AC2710017D8BB /* main.m */ = {isa = PBXFileReference; lastKnownFileType = sourcecode.c.objc; path = main.m; sourceTree = "<group>"; };
		0A021C01235AC2720017D8BB /* ChinaNuclearSmartSiteTests.xctest */ = {isa = PBXFileReference; explicitFileType = wrapper.cfbundle; includeInIndex = 0; path = ChinaNuclearSmartSiteTests.xctest; sourceTree = BUILT_PRODUCTS_DIR; };
		0A021C05235AC2720017D8BB /* ChinaNuclearSmartSiteTests.m */ = {isa = PBXFileReference; lastKnownFileType = sourcecode.c.objc; path = ChinaNuclearSmartSiteTests.m; sourceTree = "<group>"; };
		0A021C07235AC2720017D8BB /* Info.plist */ = {isa = PBXFileReference; lastKnownFileType = text.plist.xml; path = Info.plist; sourceTree = "<group>"; };
		0A021C0C235AC2720017D8BB /* ChinaNuclearSmartSiteUITests.xctest */ = {isa = PBXFileReference; explicitFileType = wrapper.cfbundle; includeInIndex = 0; path = ChinaNuclearSmartSiteUITests.xctest; sourceTree = BUILT_PRODUCTS_DIR; };
		0A021C10235AC2720017D8BB /* ChinaNuclearSmartSiteUITests.m */ = {isa = PBXFileReference; lastKnownFileType = sourcecode.c.objc; path = ChinaNuclearSmartSiteUITests.m; sourceTree = "<group>"; };
		0A021C12235AC2720017D8BB /* Info.plist */ = {isa = PBXFileReference; lastKnownFileType = text.plist.xml; path = Info.plist; sourceTree = "<group>"; };
		0A021C1E235ADE250017D8BB /* AppDelegate+push.h */ = {isa = PBXFileReference; lastKnownFileType = sourcecode.c.h; path = "AppDelegate+push.h"; sourceTree = "<group>"; };
		0A021C1F235ADE250017D8BB /* AppDelegate+push.m */ = {isa = PBXFileReference; lastKnownFileType = sourcecode.c.objc; path = "AppDelegate+push.m"; sourceTree = "<group>"; };
		0A021C30235ADF440017D8BB /* NSTimer+WMAddtions.h */ = {isa = PBXFileReference; fileEncoding = 4; lastKnownFileType = sourcecode.c.h; path = "NSTimer+WMAddtions.h"; sourceTree = "<group>"; };
		0A021C31235ADF440017D8BB /* AVAsset+WMAdditons.m */ = {isa = PBXFileReference; fileEncoding = 4; lastKnownFileType = sourcecode.c.objc; path = "AVAsset+WMAdditons.m"; sourceTree = "<group>"; };
		0A021C32235ADF450017D8BB /* UIAlertView+WMAddtions.m */ = {isa = PBXFileReference; fileEncoding = 4; lastKnownFileType = sourcecode.c.objc; path = "UIAlertView+WMAddtions.m"; sourceTree = "<group>"; };
		0A021C33235ADF450017D8BB /* UIView+WMAddtions.m */ = {isa = PBXFileReference; fileEncoding = 4; lastKnownFileType = sourcecode.c.objc; path = "UIView+WMAddtions.m"; sourceTree = "<group>"; };
		0A021C34235ADF450017D8BB /* UIView+WMAddtions.h */ = {isa = PBXFileReference; fileEncoding = 4; lastKnownFileType = sourcecode.c.h; path = "UIView+WMAddtions.h"; sourceTree = "<group>"; };
		0A021C35235ADF450017D8BB /* NSTimer+WMAddtions.m */ = {isa = PBXFileReference; fileEncoding = 4; lastKnownFileType = sourcecode.c.objc; path = "NSTimer+WMAddtions.m"; sourceTree = "<group>"; };
		0A021C36235ADF450017D8BB /* UIAlertView+WMAddtions.h */ = {isa = PBXFileReference; fileEncoding = 4; lastKnownFileType = sourcecode.c.h; path = "UIAlertView+WMAddtions.h"; sourceTree = "<group>"; };
		0A021C37235ADF460017D8BB /* AVAsset+WMAdditons.h */ = {isa = PBXFileReference; fileEncoding = 4; lastKnownFileType = sourcecode.c.h; path = "AVAsset+WMAdditons.h"; sourceTree = "<group>"; };
		0A15C3402360593300661D23 /* AppConstant.h */ = {isa = PBXFileReference; lastKnownFileType = sourcecode.c.h; path = AppConstant.h; sourceTree = "<group>"; };
		0A15C341236059FA00661D23 /* NotificationMacros.h */ = {isa = PBXFileReference; lastKnownFileType = sourcecode.c.h; path = NotificationMacros.h; sourceTree = "<group>"; };
		0A15C34223605C5800661D23 /* TFFileUploadManager.h */ = {isa = PBXFileReference; fileEncoding = 4; lastKnownFileType = sourcecode.c.h; path = TFFileUploadManager.h; sourceTree = "<group>"; };
		0A15C34323605C5800661D23 /* TFFileUploadManager.m */ = {isa = PBXFileReference; fileEncoding = 4; lastKnownFileType = sourcecode.c.objc; path = TFFileUploadManager.m; sourceTree = "<group>"; };
		0A15C34523605C6000661D23 /* WMHttpManager.m */ = {isa = PBXFileReference; fileEncoding = 4; lastKnownFileType = sourcecode.c.objc; path = WMHttpManager.m; sourceTree = "<group>"; };
		0A15C34623605C6000661D23 /* WMHttpManager.h */ = {isa = PBXFileReference; fileEncoding = 4; lastKnownFileType = sourcecode.c.h; path = WMHttpManager.h; sourceTree = "<group>"; };
		0A15C34823605D1200661D23 /* PhoneNotification.h */ = {isa = PBXFileReference; fileEncoding = 4; lastKnownFileType = sourcecode.c.h; path = PhoneNotification.h; sourceTree = "<group>"; };
		0A15C34923605D1200661D23 /* PhoneNotification.m */ = {isa = PBXFileReference; fileEncoding = 4; lastKnownFileType = sourcecode.c.objc; path = PhoneNotification.m; sourceTree = "<group>"; };
		0A15C34D2360619D00661D23 /* ChinaNuclearSmartSitePrefixHeader.pch */ = {isa = PBXFileReference; lastKnownFileType = sourcecode.c.h; path = ChinaNuclearSmartSitePrefixHeader.pch; sourceTree = "<group>"; };
		0A15C3762360636D00661D23 /* ZFScanViewController.h */ = {isa = PBXFileReference; fileEncoding = 4; lastKnownFileType = sourcecode.c.h; path = ZFScanViewController.h; sourceTree = "<group>"; };
		0A15C3782360636D00661D23 /* UIColor+Zirkfied.h */ = {isa = PBXFileReference; fileEncoding = 4; lastKnownFileType = sourcecode.c.h; path = "UIColor+Zirkfied.h"; sourceTree = "<group>"; };
		0A15C3792360636D00661D23 /* UIImage+Zirkfied.m */ = {isa = PBXFileReference; fileEncoding = 4; lastKnownFileType = sourcecode.c.objc; path = "UIImage+Zirkfied.m"; sourceTree = "<group>"; };
		0A15C37A2360636D00661D23 /* UIColor+Zirkfied.m */ = {isa = PBXFileReference; fileEncoding = 4; lastKnownFileType = sourcecode.c.objc; path = "UIColor+Zirkfied.m"; sourceTree = "<group>"; };
		0A15C37B2360636D00661D23 /* UIImage+Zirkfied.h */ = {isa = PBXFileReference; fileEncoding = 4; lastKnownFileType = sourcecode.c.h; path = "UIImage+Zirkfied.h"; sourceTree = "<group>"; };
		0A15C37D2360636D00661D23 /* ZFColor.h */ = {isa = PBXFileReference; fileEncoding = 4; lastKnownFileType = sourcecode.c.h; path = ZFColor.h; sourceTree = "<group>"; };
		0A15C37E2360636D00661D23 /* ZFConst.m */ = {isa = PBXFileReference; fileEncoding = 4; lastKnownFileType = sourcecode.c.objc; path = ZFConst.m; sourceTree = "<group>"; };
		0A15C37F2360636D00661D23 /* ZFConst.h */ = {isa = PBXFileReference; fileEncoding = 4; lastKnownFileType = sourcecode.c.h; path = ZFConst.h; sourceTree = "<group>"; };
		0A15C3802360636D00661D23 /* ZFScanViewController.m */ = {isa = PBXFileReference; fileEncoding = 4; lastKnownFileType = sourcecode.c.objc; path = ZFScanViewController.m; sourceTree = "<group>"; };
		0A15C3822360636D00661D23 /* ZFMaskView.h */ = {isa = PBXFileReference; fileEncoding = 4; lastKnownFileType = sourcecode.c.h; path = ZFMaskView.h; sourceTree = "<group>"; };
		0A15C3832360636D00661D23 /* ZFMaskView.m */ = {isa = PBXFileReference; fileEncoding = 4; lastKnownFileType = sourcecode.c.objc; path = ZFMaskView.m; sourceTree = "<group>"; };
		0A15C3852360636D00661D23 /* QRCodeScanLine@2x.png */ = {isa = PBXFileReference; lastKnownFileType = image.png; path = "QRCodeScanLine@2x.png"; sourceTree = "<group>"; };
		0A15C3862360636D00661D23 /* Down@2x.png */ = {isa = PBXFileReference; lastKnownFileType = image.png; path = "Down@2x.png"; sourceTree = "<group>"; };
		0A15C3872360636D00661D23 /* ScanQR3@2x.png */ = {isa = PBXFileReference; lastKnownFileType = image.png; path = "ScanQR3@2x.png"; sourceTree = "<group>"; };
		0A15C3882360636D00661D23 /* ScanQR1@2x.png */ = {isa = PBXFileReference; lastKnownFileType = image.png; path = "ScanQR1@2x.png"; sourceTree = "<group>"; };
		0A15C3892360636D00661D23 /* ScanQR4@2x.png */ = {isa = PBXFileReference; lastKnownFileType = image.png; path = "ScanQR4@2x.png"; sourceTree = "<group>"; };
		0A15C38A2360636D00661D23 /* Flashlight_N@2x.png */ = {isa = PBXFileReference; lastKnownFileType = image.png; path = "Flashlight_N@2x.png"; sourceTree = "<group>"; };
		0A15C38B2360636D00661D23 /* ScanQR2@2x.png */ = {isa = PBXFileReference; lastKnownFileType = image.png; path = "ScanQR2@2x.png"; sourceTree = "<group>"; };
		0A15C38C2360636D00661D23 /* Flashlight_H@2x.png */ = {isa = PBXFileReference; lastKnownFileType = image.png; path = "Flashlight_H@2x.png"; sourceTree = "<group>"; };
		0A52FB2D23668DB40074EE65 /* index.html */ = {isa = PBXFileReference; fileEncoding = 4; lastKnownFileType = text.html; path = index.html; sourceTree = "<group>"; };
		0A52FB2F23668DB40074EE65 /* index.css */ = {isa = PBXFileReference; fileEncoding = 4; lastKnownFileType = text.css; path = index.css; sourceTree = "<group>"; };
		0A52FB3123668DB40074EE65 /* index.js */ = {isa = PBXFileReference; fileEncoding = 4; lastKnownFileType = sourcecode.javascript; path = index.js; sourceTree = "<group>"; };
		0A52FB3323668DB40074EE65 /* knowledge_icon.png */ = {isa = PBXFileReference; lastKnownFileType = image.png; path = knowledge_icon.png; sourceTree = "<group>"; };
		0A52FB3423668DB40074EE65 /* .project */ = {isa = PBXFileReference; fileEncoding = 4; lastKnownFileType = text.xml; path = .project; sourceTree = "<group>"; };
		0A52FB3A2366E4360074EE65 /* UserModel.h */ = {isa = PBXFileReference; lastKnownFileType = sourcecode.c.h; path = UserModel.h; sourceTree = "<group>"; };
		0A52FB3B2366E4360074EE65 /* UserModel.m */ = {isa = PBXFileReference; lastKnownFileType = sourcecode.c.objc; path = UserModel.m; sourceTree = "<group>"; };
		0A55C65F235DB364003D1636 /* ChinaNuclearSmartSite.entitlements */ = {isa = PBXFileReference; lastKnownFileType = text.plist.entitlements; path = ChinaNuclearSmartSite.entitlements; sourceTree = "<group>"; };
		0A55C660235DB898003D1636 /* UserNotifications.framework */ = {isa = PBXFileReference; lastKnownFileType = wrapper.framework; name = UserNotifications.framework; path = System/Library/Frameworks/UserNotifications.framework; sourceTree = SDKROOT; };
		0A55C662235DDB2E003D1636 /* UIColor+expanded.m */ = {isa = PBXFileReference; fileEncoding = 4; lastKnownFileType = sourcecode.c.objc; path = "UIColor+expanded.m"; sourceTree = "<group>"; };
		0A55C664235DDB50003D1636 /* UIColor+expanded.h */ = {isa = PBXFileReference; fileEncoding = 4; lastKnownFileType = sourcecode.c.h; path = "UIColor+expanded.h"; sourceTree = "<group>"; };
		0A55C665235DDC18003D1636 /* DimensMacros.h */ = {isa = PBXFileReference; fileEncoding = 4; lastKnownFileType = sourcecode.c.h; path = DimensMacros.h; sourceTree = "<group>"; };
		0A92183423613A2F00AFD08B /* AppJSObject.h */ = {isa = PBXFileReference; lastKnownFileType = sourcecode.c.h; path = AppJSObject.h; sourceTree = "<group>"; };
		0A92183523613A2F00AFD08B /* AppJSObject.m */ = {isa = PBXFileReference; lastKnownFileType = sourcecode.c.objc; path = AppJSObject.m; sourceTree = "<group>"; };
		0A92183D2362DDB000AFD08B /* WebViewController.h */ = {isa = PBXFileReference; lastKnownFileType = sourcecode.c.h; path = WebViewController.h; sourceTree = "<group>"; };
		0A92183E2362DDB000AFD08B /* WebViewController.m */ = {isa = PBXFileReference; lastKnownFileType = sourcecode.c.objc; path = WebViewController.m; sourceTree = "<group>"; };
		0AF666FC24FCE4A100DE05F5 /* HikVideoPlayer.framework */ = {isa = PBXFileReference; lastKnownFileType = wrapper.framework; path = HikVideoPlayer.framework; sourceTree = "<group>"; };
		63D58FDE34B2A349E3C2D3AB /* libPods-ChinaNuclearSmartSite.a */ = {isa = PBXFileReference; explicitFileType = archive.ar; includeInIndex = 0; path = "libPods-ChinaNuclearSmartSite.a"; sourceTree = BUILT_PRODUCTS_DIR; };
		72DF0235463859B442AA9448 /* Pods-ChinaNuclearSmartSite.release.xcconfig */ = {isa = PBXFileReference; includeInIndex = 1; lastKnownFileType = text.xcconfig; name = "Pods-ChinaNuclearSmartSite.release.xcconfig"; path = "Pods/Target Support Files/Pods-ChinaNuclearSmartSite/Pods-ChinaNuclearSmartSite.release.xcconfig"; sourceTree = "<group>"; };
		F7B8395E2E87A3E0124A12DA /* Pods-ChinaNuclearSmartSite.debug.xcconfig */ = {isa = PBXFileReference; includeInIndex = 1; lastKnownFileType = text.xcconfig; name = "Pods-ChinaNuclearSmartSite.debug.xcconfig"; path = "Pods/Target Support Files/Pods-ChinaNuclearSmartSite/Pods-ChinaNuclearSmartSite.debug.xcconfig"; sourceTree = "<group>"; };
/* End PBXFileReference section */

/* Begin PBXFrameworksBuildPhase section */
		0A021BE3235AC26C0017D8BB /* Frameworks */ = {
			isa = PBXFrameworksBuildPhase;
			buildActionMask = 2147483647;
			files = (
				0A55C661235DB898003D1636 /* UserNotifications.framework in Frameworks */,
				32169AD5300A8ECD6C0C97AB /* libPods-ChinaNuclearSmartSite.a in Frameworks */,
				0AF6670124FCE97500DE05F5 /* HikVideoPlayer.framework in Frameworks */,
			);
			runOnlyForDeploymentPostprocessing = 0;
		};
		0A021BFE235AC2720017D8BB /* Frameworks */ = {
			isa = PBXFrameworksBuildPhase;
			buildActionMask = 2147483647;
			files = (
			);
			runOnlyForDeploymentPostprocessing = 0;
		};
		0A021C09235AC2720017D8BB /* Frameworks */ = {
			isa = PBXFrameworksBuildPhase;
			buildActionMask = 2147483647;
			files = (
			);
			runOnlyForDeploymentPostprocessing = 0;
		};
/* End PBXFrameworksBuildPhase section */

/* Begin PBXGroup section */
		0A021BDD235AC26C0017D8BB = {
			isa = PBXGroup;
			children = (
				0A021BE8235AC26C0017D8BB /* ChinaNuclearSmartSite */,
				0A021C04235AC2720017D8BB /* ChinaNuclearSmartSiteTests */,
				0A021C0F235AC2720017D8BB /* ChinaNuclearSmartSiteUITests */,
				0A021BE7235AC26C0017D8BB /* Products */,
				4C0D4E2473DDCC037DDD7894 /* Pods */,
				DF9C89CCF350AAD912E05466 /* Frameworks */,
			);
			sourceTree = "<group>";
		};
		0A021BE7235AC26C0017D8BB /* Products */ = {
			isa = PBXGroup;
			children = (
				0A021BE6235AC26C0017D8BB /* 智慧工地.app */,
				0A021C01235AC2720017D8BB /* ChinaNuclearSmartSiteTests.xctest */,
				0A021C0C235AC2720017D8BB /* ChinaNuclearSmartSiteUITests.xctest */,
			);
			name = Products;
			sourceTree = "<group>";
		};
		0A021BE8235AC26C0017D8BB /* ChinaNuclearSmartSite */ = {
			isa = PBXGroup;
			children = (
				0AF666FC24FCE4A100DE05F5 /* HikVideoPlayer.framework */,
				0A55C65F235DB364003D1636 /* ChinaNuclearSmartSite.entitlements */,
				0A021C21235ADEA90017D8BB /* Categories */,
				0A021C22235ADEA90017D8BB /* Support */,
				0A021C23235ADEA90017D8BB /* Supporting Files */,
				0A021BE9235AC26C0017D8BB /* AppDelegate.h */,
				0A021BEA235AC26C0017D8BB /* AppDelegate.m */,
				0A021C1E235ADE250017D8BB /* AppDelegate+push.h */,
				0A021C1F235ADE250017D8BB /* AppDelegate+push.m */,
				0A15C34D2360619D00661D23 /* ChinaNuclearSmartSitePrefixHeader.pch */,
				0A021BEF235AC26C0017D8BB /* ViewController.h */,
				0A021BF0235AC26C0017D8BB /* ViewController.m */,
				0A52FB3A2366E4360074EE65 /* UserModel.h */,
				0A52FB3B2366E4360074EE65 /* UserModel.m */,
				0A92183D2362DDB000AFD08B /* WebViewController.h */,
				0A92183E2362DDB000AFD08B /* WebViewController.m */,
				0A021BF2235AC26C0017D8BB /* Main.storyboard */,
				0A021BF5235AC2710017D8BB /* Assets.xcassets */,
				0A021BF7235AC2710017D8BB /* LaunchScreen.storyboard */,
				0A021BFA235AC2710017D8BB /* Info.plist */,
				0A021BFB235AC2710017D8BB /* main.m */,
			);
			path = ChinaNuclearSmartSite;
			sourceTree = "<group>";
		};
		0A021C04235AC2720017D8BB /* ChinaNuclearSmartSiteTests */ = {
			isa = PBXGroup;
			children = (
				0A021C05235AC2720017D8BB /* ChinaNuclearSmartSiteTests.m */,
				0A021C07235AC2720017D8BB /* Info.plist */,
			);
			path = ChinaNuclearSmartSiteTests;
			sourceTree = "<group>";
		};
		0A021C0F235AC2720017D8BB /* ChinaNuclearSmartSiteUITests */ = {
			isa = PBXGroup;
			children = (
				0A021C10235AC2720017D8BB /* ChinaNuclearSmartSiteUITests.m */,
				0A021C12235AC2720017D8BB /* Info.plist */,
			);
			path = ChinaNuclearSmartSiteUITests;
			sourceTree = "<group>";
		};
		0A021C21235ADEA90017D8BB /* Categories */ = {
			isa = PBXGroup;
			children = (
				0A021C37235ADF460017D8BB /* AVAsset+WMAdditons.h */,
				0A021C31235ADF440017D8BB /* AVAsset+WMAdditons.m */,
				0A021C30235ADF440017D8BB /* NSTimer+WMAddtions.h */,
				0A021C35235ADF450017D8BB /* NSTimer+WMAddtions.m */,
				0A021C36235ADF450017D8BB /* UIAlertView+WMAddtions.h */,
				0A021C32235ADF450017D8BB /* UIAlertView+WMAddtions.m */,
				0A021C34235ADF450017D8BB /* UIView+WMAddtions.h */,
				0A021C33235ADF450017D8BB /* UIView+WMAddtions.m */,
			);
			path = Categories;
			sourceTree = "<group>";
		};
		0A021C22235ADEA90017D8BB /* Support */ = {
			isa = PBXGroup;
			children = (
				0A52FB2C23668DB40074EE65 /* OCJSHtmlDemo */,
				0A15C3752360636D00661D23 /* ZFScan */,
				0A15C34823605D1200661D23 /* PhoneNotification.h */,
				0A15C34923605D1200661D23 /* PhoneNotification.m */,
				0A15C34223605C5800661D23 /* TFFileUploadManager.h */,
				0A15C34323605C5800661D23 /* TFFileUploadManager.m */,
				0A15C34623605C6000661D23 /* WMHttpManager.h */,
				0A15C34523605C6000661D23 /* WMHttpManager.m */,
				0A55C665235DDC18003D1636 /* DimensMacros.h */,
				0A15C3402360593300661D23 /* AppConstant.h */,
				0A15C341236059FA00661D23 /* NotificationMacros.h */,
			);
			path = Support;
			sourceTree = "<group>";
		};
		0A021C23235ADEA90017D8BB /* Supporting Files */ = {
			isa = PBXGroup;
			children = (
				0A55C664235DDB50003D1636 /* UIColor+expanded.h */,
				0A55C662235DDB2E003D1636 /* UIColor+expanded.m */,
				0A92183423613A2F00AFD08B /* AppJSObject.h */,
				0A92183523613A2F00AFD08B /* AppJSObject.m */,
			);
			path = "Supporting Files";
			sourceTree = "<group>";
		};
		0A15C3752360636D00661D23 /* ZFScan */ = {
			isa = PBXGroup;
			children = (
				0A15C3762360636D00661D23 /* ZFScanViewController.h */,
				0A15C3772360636D00661D23 /* Category */,
				0A15C37C2360636D00661D23 /* Other */,
				0A15C3802360636D00661D23 /* ZFScanViewController.m */,
				0A15C3812360636D00661D23 /* CustomView */,
				0A15C3842360636D00661D23 /* resource */,
			);
			path = ZFScan;
			sourceTree = "<group>";
		};
		0A15C3772360636D00661D23 /* Category */ = {
			isa = PBXGroup;
			children = (
				0A15C3782360636D00661D23 /* UIColor+Zirkfied.h */,
				0A15C3792360636D00661D23 /* UIImage+Zirkfied.m */,
				0A15C37A2360636D00661D23 /* UIColor+Zirkfied.m */,
				0A15C37B2360636D00661D23 /* UIImage+Zirkfied.h */,
			);
			path = Category;
			sourceTree = "<group>";
		};
		0A15C37C2360636D00661D23 /* Other */ = {
			isa = PBXGroup;
			children = (
				0A15C37D2360636D00661D23 /* ZFColor.h */,
				0A15C37E2360636D00661D23 /* ZFConst.m */,
				0A15C37F2360636D00661D23 /* ZFConst.h */,
			);
			path = Other;
			sourceTree = "<group>";
		};
		0A15C3812360636D00661D23 /* CustomView */ = {
			isa = PBXGroup;
			children = (
				0A15C3822360636D00661D23 /* ZFMaskView.h */,
				0A15C3832360636D00661D23 /* ZFMaskView.m */,
			);
			path = CustomView;
			sourceTree = "<group>";
		};
		0A15C3842360636D00661D23 /* resource */ = {
			isa = PBXGroup;
			children = (
				0A15C3852360636D00661D23 /* QRCodeScanLine@2x.png */,
				0A15C3862360636D00661D23 /* Down@2x.png */,
				0A15C3872360636D00661D23 /* ScanQR3@2x.png */,
				0A15C3882360636D00661D23 /* ScanQR1@2x.png */,
				0A15C3892360636D00661D23 /* ScanQR4@2x.png */,
				0A15C38A2360636D00661D23 /* Flashlight_N@2x.png */,
				0A15C38B2360636D00661D23 /* ScanQR2@2x.png */,
				0A15C38C2360636D00661D23 /* Flashlight_H@2x.png */,
			);
			path = resource;
			sourceTree = "<group>";
		};
		0A52FB2C23668DB40074EE65 /* OCJSHtmlDemo */ = {
			isa = PBXGroup;
			children = (
				0A52FB2D23668DB40074EE65 /* index.html */,
				0A52FB2E23668DB40074EE65 /* css */,
				0A52FB3023668DB40074EE65 /* js */,
				0A52FB3223668DB40074EE65 /* img */,
				0A52FB3423668DB40074EE65 /* .project */,
			);
			path = OCJSHtmlDemo;
			sourceTree = "<group>";
		};
		0A52FB2E23668DB40074EE65 /* css */ = {
			isa = PBXGroup;
			children = (
				0A52FB2F23668DB40074EE65 /* index.css */,
			);
			path = css;
			sourceTree = "<group>";
		};
		0A52FB3023668DB40074EE65 /* js */ = {
			isa = PBXGroup;
			children = (
				0A52FB3123668DB40074EE65 /* index.js */,
			);
			path = js;
			sourceTree = "<group>";
		};
		0A52FB3223668DB40074EE65 /* img */ = {
			isa = PBXGroup;
			children = (
				0A52FB3323668DB40074EE65 /* knowledge_icon.png */,
			);
			path = img;
			sourceTree = "<group>";
		};
		4C0D4E2473DDCC037DDD7894 /* Pods */ = {
			isa = PBXGroup;
			children = (
				F7B8395E2E87A3E0124A12DA /* Pods-ChinaNuclearSmartSite.debug.xcconfig */,
				72DF0235463859B442AA9448 /* Pods-ChinaNuclearSmartSite.release.xcconfig */,
			);
			name = Pods;
			sourceTree = "<group>";
		};
		DF9C89CCF350AAD912E05466 /* Frameworks */ = {
			isa = PBXGroup;
			children = (
				0A55C660235DB898003D1636 /* UserNotifications.framework */,
				63D58FDE34B2A349E3C2D3AB /* libPods-ChinaNuclearSmartSite.a */,
			);
			name = Frameworks;
			sourceTree = "<group>";
		};
/* End PBXGroup section */

/* Begin PBXNativeTarget section */
		0A021BE5235AC26C0017D8BB /* ChinaNuclearSmartSite */ = {
			isa = PBXNativeTarget;
			buildConfigurationList = 0A021C15235AC2720017D8BB /* Build configuration list for PBXNativeTarget "ChinaNuclearSmartSite" */;
			buildPhases = (
				047A51392AF63EA10F5791A5 /* [CP] Check Pods Manifest.lock */,
				0A021BE2235AC26C0017D8BB /* Sources */,
				0A021BE3235AC26C0017D8BB /* Frameworks */,
				0A021BE4235AC26C0017D8BB /* Resources */,
				D623B02311AB62658647E7A7 /* [CP] Copy Pods Resources */,
				0A0DF77924FC8BED0084C3A1 /* Embed Frameworks */,
			);
			buildRules = (
			);
			dependencies = (
			);
			name = ChinaNuclearSmartSite;
			productName = ChinaNuclearSmartSite;
			productReference = 0A021BE6235AC26C0017D8BB /* 智慧工地.app */;
			productType = "com.apple.product-type.application";
		};
		0A021C00235AC2720017D8BB /* ChinaNuclearSmartSiteTests */ = {
			isa = PBXNativeTarget;
			buildConfigurationList = 0A021C18235AC2720017D8BB /* Build configuration list for PBXNativeTarget "ChinaNuclearSmartSiteTests" */;
			buildPhases = (
				0A021BFD235AC2720017D8BB /* Sources */,
				0A021BFE235AC2720017D8BB /* Frameworks */,
				0A021BFF235AC2720017D8BB /* Resources */,
			);
			buildRules = (
			);
			dependencies = (
				0A021C03235AC2720017D8BB /* PBXTargetDependency */,
			);
			name = ChinaNuclearSmartSiteTests;
			productName = ChinaNuclearSmartSiteTests;
			productReference = 0A021C01235AC2720017D8BB /* ChinaNuclearSmartSiteTests.xctest */;
			productType = "com.apple.product-type.bundle.unit-test";
		};
		0A021C0B235AC2720017D8BB /* ChinaNuclearSmartSiteUITests */ = {
			isa = PBXNativeTarget;
			buildConfigurationList = 0A021C1B235AC2720017D8BB /* Build configuration list for PBXNativeTarget "ChinaNuclearSmartSiteUITests" */;
			buildPhases = (
				0A021C08235AC2720017D8BB /* Sources */,
				0A021C09235AC2720017D8BB /* Frameworks */,
				0A021C0A235AC2720017D8BB /* Resources */,
			);
			buildRules = (
			);
			dependencies = (
				0A021C0E235AC2720017D8BB /* PBXTargetDependency */,
			);
			name = ChinaNuclearSmartSiteUITests;
			productName = ChinaNuclearSmartSiteUITests;
			productReference = 0A021C0C235AC2720017D8BB /* ChinaNuclearSmartSiteUITests.xctest */;
			productType = "com.apple.product-type.bundle.ui-testing";
		};
/* End PBXNativeTarget section */

/* Begin PBXProject section */
		0A021BDE235AC26C0017D8BB /* Project object */ = {
			isa = PBXProject;
			attributes = {
				LastUpgradeCheck = 1110;
				ORGANIZATIONNAME = miao;
				TargetAttributes = {
					0A021BE5235AC26C0017D8BB = {
						CreatedOnToolsVersion = 11.1;
					};
					0A021C00235AC2720017D8BB = {
						CreatedOnToolsVersion = 11.1;
						TestTargetID = 0A021BE5235AC26C0017D8BB;
					};
					0A021C0B235AC2720017D8BB = {
						CreatedOnToolsVersion = 11.1;
						TestTargetID = 0A021BE5235AC26C0017D8BB;
					};
				};
			};
			buildConfigurationList = 0A021BE1235AC26C0017D8BB /* Build configuration list for PBXProject "ChinaNuclearSmartSite" */;
			compatibilityVersion = "Xcode 9.3";
			developmentRegion = en;
			hasScannedForEncodings = 0;
			knownRegions = (
				en,
				Base,
			);
			mainGroup = 0A021BDD235AC26C0017D8BB;
			productRefGroup = 0A021BE7235AC26C0017D8BB /* Products */;
			projectDirPath = "";
			projectRoot = "";
			targets = (
				0A021BE5235AC26C0017D8BB /* ChinaNuclearSmartSite */,
				0A021C00235AC2720017D8BB /* ChinaNuclearSmartSiteTests */,
				0A021C0B235AC2720017D8BB /* ChinaNuclearSmartSiteUITests */,
			);
		};
/* End PBXProject section */

/* Begin PBXResourcesBuildPhase section */
		0A021BE4235AC26C0017D8BB /* Resources */ = {
			isa = PBXResourcesBuildPhase;
			buildActionMask = 2147483647;
			files = (
				0A15C3942360636E00661D23 /* ScanQR3@2x.png in Resources */,
				0A021BF9235AC2710017D8BB /* LaunchScreen.storyboard in Resources */,
				0A52FB3823668DB40074EE65 /* knowledge_icon.png in Resources */,
				0A15C3992360636E00661D23 /* Flashlight_H@2x.png in Resources */,
				0A15C3972360636E00661D23 /* Flashlight_N@2x.png in Resources */,
				0A15C3922360636E00661D23 /* QRCodeScanLine@2x.png in Resources */,
				0A021BF6235AC2710017D8BB /* Assets.xcassets in Resources */,
				0A15C3932360636E00661D23 /* Down@2x.png in Resources */,
				0A021BF4235AC26C0017D8BB /* Main.storyboard in Resources */,
				0A15C3952360636E00661D23 /* ScanQR1@2x.png in Resources */,
				0A52FB3623668DB40074EE65 /* index.css in Resources */,
				0A52FB3523668DB40074EE65 /* index.html in Resources */,
				0A52FB3723668DB40074EE65 /* index.js in Resources */,
				0A52FB3923668DB40074EE65 /* .project in Resources */,
				0A15C3962360636E00661D23 /* ScanQR4@2x.png in Resources */,
				0A15C3982360636E00661D23 /* ScanQR2@2x.png in Resources */,
			);
			runOnlyForDeploymentPostprocessing = 0;
		};
		0A021BFF235AC2720017D8BB /* Resources */ = {
			isa = PBXResourcesBuildPhase;
			buildActionMask = 2147483647;
			files = (
			);
			runOnlyForDeploymentPostprocessing = 0;
		};
		0A021C0A235AC2720017D8BB /* Resources */ = {
			isa = PBXResourcesBuildPhase;
			buildActionMask = 2147483647;
			files = (
			);
			runOnlyForDeploymentPostprocessing = 0;
		};
/* End PBXResourcesBuildPhase section */

/* Begin PBXShellScriptBuildPhase section */
		047A51392AF63EA10F5791A5 /* [CP] Check Pods Manifest.lock */ = {
			isa = PBXShellScriptBuildPhase;
			buildActionMask = 2147483647;
			files = (
			);
			inputFileListPaths = (
			);
			inputPaths = (
				"${PODS_PODFILE_DIR_PATH}/Podfile.lock",
				"${PODS_ROOT}/Manifest.lock",
			);
			name = "[CP] Check Pods Manifest.lock";
			outputFileListPaths = (
			);
			outputPaths = (
				"$(DERIVED_FILE_DIR)/Pods-ChinaNuclearSmartSite-checkManifestLockResult.txt",
			);
			runOnlyForDeploymentPostprocessing = 0;
			shellPath = /bin/sh;
			shellScript = "diff \"${PODS_PODFILE_DIR_PATH}/Podfile.lock\" \"${PODS_ROOT}/Manifest.lock\" > /dev/null\nif [ $? != 0 ] ; then\n    # print error to STDERR\n    echo \"error: The sandbox is not in sync with the Podfile.lock. Run 'pod install' or update your CocoaPods installation.\" >&2\n    exit 1\nfi\n# This output is used by Xcode 'outputs' to avoid re-running this script phase.\necho \"SUCCESS\" > \"${SCRIPT_OUTPUT_FILE_0}\"\n";
			showEnvVarsInLog = 0;
		};
		D623B02311AB62658647E7A7 /* [CP] Copy Pods Resources */ = {
			isa = PBXShellScriptBuildPhase;
			buildActionMask = 2147483647;
			files = (
			);
			inputFileListPaths = (
			);
			inputPaths = (
				"${SRCROOT}/Pods/Target Support Files/Pods-ChinaNuclearSmartSite/Pods-ChinaNuclearSmartSite-resources.sh",
				"${PODS_ROOT}/TZImagePickerController/TZImagePickerController/TZImagePickerController/TZImagePickerController.bundle",
			);
			name = "[CP] Copy Pods Resources";
			outputFileListPaths = (
			);
			outputPaths = (
				"${TARGET_BUILD_DIR}/${UNLOCALIZED_RESOURCES_FOLDER_PATH}/TZImagePickerController.bundle",
			);
			runOnlyForDeploymentPostprocessing = 0;
			shellPath = /bin/sh;
			shellScript = "\"${SRCROOT}/Pods/Target Support Files/Pods-ChinaNuclearSmartSite/Pods-ChinaNuclearSmartSite-resources.sh\"\n";
			showEnvVarsInLog = 0;
		};
/* End PBXShellScriptBuildPhase section */

/* Begin PBXSourcesBuildPhase section */
		0A021BE2235AC26C0017D8BB /* Sources */ = {
			isa = PBXSourcesBuildPhase;
			buildActionMask = 2147483647;
			files = (
				0A021C20235ADE250017D8BB /* AppDelegate+push.m in Sources */,
				0A92183623613A2F00AFD08B /* AppJSObject.m in Sources */,
				0A92183F2362DDB000AFD08B /* WebViewController.m in Sources */,
				0A15C3912360636E00661D23 /* ZFMaskView.m in Sources */,
				0A021BF1235AC26C0017D8BB /* ViewController.m in Sources */,
				0A55C663235DDB2E003D1636 /* UIColor+expanded.m in Sources */,
				0A52FB3C2366E4360074EE65 /* UserModel.m in Sources */,
				0A15C38F2360636E00661D23 /* ZFConst.m in Sources */,
				0A021BEB235AC26C0017D8BB /* AppDelegate.m in Sources */,
				0A15C3902360636E00661D23 /* ZFScanViewController.m in Sources */,
				0A15C34723605C6000661D23 /* WMHttpManager.m in Sources */,
				0A15C34423605C5900661D23 /* TFFileUploadManager.m in Sources */,
				0A021BFC235AC2710017D8BB /* main.m in Sources */,
				0A15C34A23605D1200661D23 /* PhoneNotification.m in Sources */,
				0A021C38235ADF460017D8BB /* AVAsset+WMAdditons.m in Sources */,
				0A15C38D2360636E00661D23 /* UIImage+Zirkfied.m in Sources */,
				0A021C39235ADF460017D8BB /* UIAlertView+WMAddtions.m in Sources */,
				0A15C38E2360636E00661D23 /* UIColor+Zirkfied.m in Sources */,
				0A021C3B235ADF460017D8BB /* NSTimer+WMAddtions.m in Sources */,
				0A021C3A235ADF460017D8BB /* UIView+WMAddtions.m in Sources */,
			);
			runOnlyForDeploymentPostprocessing = 0;
		};
		0A021BFD235AC2720017D8BB /* Sources */ = {
			isa = PBXSourcesBuildPhase;
			buildActionMask = 2147483647;
			files = (
				0A021C06235AC2720017D8BB /* ChinaNuclearSmartSiteTests.m in Sources */,
			);
			runOnlyForDeploymentPostprocessing = 0;
		};
		0A021C08235AC2720017D8BB /* Sources */ = {
			isa = PBXSourcesBuildPhase;
			buildActionMask = 2147483647;
			files = (
				0A021C11235AC2720017D8BB /* ChinaNuclearSmartSiteUITests.m in Sources */,
			);
			runOnlyForDeploymentPostprocessing = 0;
		};
/* End PBXSourcesBuildPhase section */

/* Begin PBXTargetDependency section */
		0A021C03235AC2720017D8BB /* PBXTargetDependency */ = {
			isa = PBXTargetDependency;
			target = 0A021BE5235AC26C0017D8BB /* ChinaNuclearSmartSite */;
			targetProxy = 0A021C02235AC2720017D8BB /* PBXContainerItemProxy */;
		};
		0A021C0E235AC2720017D8BB /* PBXTargetDependency */ = {
			isa = PBXTargetDependency;
			target = 0A021BE5235AC26C0017D8BB /* ChinaNuclearSmartSite */;
			targetProxy = 0A021C0D235AC2720017D8BB /* PBXContainerItemProxy */;
		};
/* End PBXTargetDependency section */

/* Begin PBXVariantGroup section */
		0A021BF2235AC26C0017D8BB /* Main.storyboard */ = {
			isa = PBXVariantGroup;
			children = (
				0A021BF3235AC26C0017D8BB /* Base */,
			);
			name = Main.storyboard;
			sourceTree = "<group>";
		};
		0A021BF7235AC2710017D8BB /* LaunchScreen.storyboard */ = {
			isa = PBXVariantGroup;
			children = (
				0A021BF8235AC2710017D8BB /* Base */,
			);
			name = LaunchScreen.storyboard;
			sourceTree = "<group>";
		};
/* End PBXVariantGroup section */

/* Begin XCBuildConfiguration section */
		0A021C13235AC2720017D8BB /* Debug */ = {
			isa = XCBuildConfiguration;
			buildSettings = {
				ALWAYS_SEARCH_USER_PATHS = NO;
				CLANG_ANALYZER_NONNULL = YES;
				CLANG_ANALYZER_NUMBER_OBJECT_CONVERSION = YES_AGGRESSIVE;
				CLANG_CXX_LANGUAGE_STANDARD = "gnu++14";
				CLANG_CXX_LIBRARY = "libc++";
				CLANG_ENABLE_MODULES = YES;
				CLANG_ENABLE_OBJC_ARC = YES;
				CLANG_ENABLE_OBJC_WEAK = YES;
				CLANG_WARN_BLOCK_CAPTURE_AUTORELEASING = YES;
				CLANG_WARN_BOOL_CONVERSION = YES;
				CLANG_WARN_COMMA = YES;
				CLANG_WARN_CONSTANT_CONVERSION = YES;
				CLANG_WARN_DEPRECATED_OBJC_IMPLEMENTATIONS = YES;
				CLANG_WARN_DIRECT_OBJC_ISA_USAGE = YES_ERROR;
				CLANG_WARN_DOCUMENTATION_COMMENTS = YES;
				CLANG_WARN_EMPTY_BODY = YES;
				CLANG_WARN_ENUM_CONVERSION = YES;
				CLANG_WARN_INFINITE_RECURSION = YES;
				CLANG_WARN_INT_CONVERSION = YES;
				CLANG_WARN_NON_LITERAL_NULL_CONVERSION = YES;
				CLANG_WARN_OBJC_IMPLICIT_RETAIN_SELF = YES;
				CLANG_WARN_OBJC_LITERAL_CONVERSION = YES;
				CLANG_WARN_OBJC_ROOT_CLASS = YES_ERROR;
				CLANG_WARN_RANGE_LOOP_ANALYSIS = YES;
				CLANG_WARN_STRICT_PROTOTYPES = YES;
				CLANG_WARN_SUSPICIOUS_MOVE = YES;
				CLANG_WARN_UNGUARDED_AVAILABILITY = YES_AGGRESSIVE;
				CLANG_WARN_UNREACHABLE_CODE = YES;
				CLANG_WARN__DUPLICATE_METHOD_MATCH = YES;
				COPY_PHASE_STRIP = NO;
				DEBUG_INFORMATION_FORMAT = dwarf;
				ENABLE_STRICT_OBJC_MSGSEND = YES;
				ENABLE_TESTABILITY = YES;
				GCC_C_LANGUAGE_STANDARD = gnu11;
				GCC_DYNAMIC_NO_PIC = NO;
				GCC_NO_COMMON_BLOCKS = YES;
				GCC_OPTIMIZATION_LEVEL = 0;
				GCC_PREPROCESSOR_DEFINITIONS = (
					"DEBUG=1",
					"$(inherited)",
				);
				GCC_WARN_64_TO_32_BIT_CONVERSION = YES;
				GCC_WARN_ABOUT_RETURN_TYPE = YES_ERROR;
				GCC_WARN_UNDECLARED_SELECTOR = YES;
				GCC_WARN_UNINITIALIZED_AUTOS = YES_AGGRESSIVE;
				GCC_WARN_UNUSED_FUNCTION = YES;
				GCC_WARN_UNUSED_VARIABLE = YES;
				IPHONEOS_DEPLOYMENT_TARGET = 13.1;
				MTL_ENABLE_DEBUG_INFO = INCLUDE_SOURCE;
				MTL_FAST_MATH = YES;
				ONLY_ACTIVE_ARCH = YES;
				SDKROOT = iphoneos;
			};
			name = Debug;
		};
		0A021C14235AC2720017D8BB /* Release */ = {
			isa = XCBuildConfiguration;
			buildSettings = {
				ALWAYS_SEARCH_USER_PATHS = NO;
				CLANG_ANALYZER_NONNULL = YES;
				CLANG_ANALYZER_NUMBER_OBJECT_CONVERSION = YES_AGGRESSIVE;
				CLANG_CXX_LANGUAGE_STANDARD = "gnu++14";
				CLANG_CXX_LIBRARY = "libc++";
				CLANG_ENABLE_MODULES = YES;
				CLANG_ENABLE_OBJC_ARC = YES;
				CLANG_ENABLE_OBJC_WEAK = YES;
				CLANG_WARN_BLOCK_CAPTURE_AUTORELEASING = YES;
				CLANG_WARN_BOOL_CONVERSION = YES;
				CLANG_WARN_COMMA = YES;
				CLANG_WARN_CONSTANT_CONVERSION = YES;
				CLANG_WARN_DEPRECATED_OBJC_IMPLEMENTATIONS = YES;
				CLANG_WARN_DIRECT_OBJC_ISA_USAGE = YES_ERROR;
				CLANG_WARN_DOCUMENTATION_COMMENTS = YES;
				CLANG_WARN_EMPTY_BODY = YES;
				CLANG_WARN_ENUM_CONVERSION = YES;
				CLANG_WARN_INFINITE_RECURSION = YES;
				CLANG_WARN_INT_CONVERSION = YES;
				CLANG_WARN_NON_LITERAL_NULL_CONVERSION = YES;
				CLANG_WARN_OBJC_IMPLICIT_RETAIN_SELF = YES;
				CLANG_WARN_OBJC_LITERAL_CONVERSION = YES;
				CLANG_WARN_OBJC_ROOT_CLASS = YES_ERROR;
				CLANG_WARN_RANGE_LOOP_ANALYSIS = YES;
				CLANG_WARN_STRICT_PROTOTYPES = YES;
				CLANG_WARN_SUSPICIOUS_MOVE = YES;
				CLANG_WARN_UNGUARDED_AVAILABILITY = YES_AGGRESSIVE;
				CLANG_WARN_UNREACHABLE_CODE = YES;
				CLANG_WARN__DUPLICATE_METHOD_MATCH = YES;
				COPY_PHASE_STRIP = NO;
				DEBUG_INFORMATION_FORMAT = "dwarf-with-dsym";
				ENABLE_NS_ASSERTIONS = NO;
				ENABLE_STRICT_OBJC_MSGSEND = YES;
				GCC_C_LANGUAGE_STANDARD = gnu11;
				GCC_NO_COMMON_BLOCKS = YES;
				GCC_WARN_64_TO_32_BIT_CONVERSION = YES;
				GCC_WARN_ABOUT_RETURN_TYPE = YES_ERROR;
				GCC_WARN_UNDECLARED_SELECTOR = YES;
				GCC_WARN_UNINITIALIZED_AUTOS = YES_AGGRESSIVE;
				GCC_WARN_UNUSED_FUNCTION = YES;
				GCC_WARN_UNUSED_VARIABLE = YES;
				IPHONEOS_DEPLOYMENT_TARGET = 13.1;
				MTL_ENABLE_DEBUG_INFO = NO;
				MTL_FAST_MATH = YES;
				SDKROOT = iphoneos;
				VALIDATE_PRODUCT = YES;
			};
			name = Release;
		};
		0A021C16235AC2720017D8BB /* Debug */ = {
			isa = XCBuildConfiguration;
			baseConfigurationReference = F7B8395E2E87A3E0124A12DA /* Pods-ChinaNuclearSmartSite.debug.xcconfig */;
			buildSettings = {
				ASSETCATALOG_COMPILER_APPICON_NAME = AppIcon;
				CODE_SIGN_ENTITLEMENTS = ChinaNuclearSmartSite/ChinaNuclearSmartSite.entitlements;
				CODE_SIGN_IDENTITY = "Apple Development";
				CODE_SIGN_STYLE = Automatic;
				DEVELOPMENT_TEAM = 8S3RQ58XP4;
				ENABLE_BITCODE = NO;
				FRAMEWORK_SEARCH_PATHS = (
					"$(inherited)",
					"$(PROJECT_DIR)/ChinaNuclearSmartSite",
				);
				GCC_PRECOMPILE_PREFIX_HEADER = YES;
				GCC_PREFIX_HEADER = "$(SRCROOT)/ChinaNuclearSmartSite/ChinaNuclearSmartSitePrefixHeader.pch";
				INFOPLIST_FILE = ChinaNuclearSmartSite/Info.plist;
				IPHONEOS_DEPLOYMENT_TARGET = 9.0;
				LD_RUNPATH_SEARCH_PATHS = (
					"$(inherited)",
					"@executable_path/Frameworks",
				);
				MARKETING_VERSION = 1.0.2;
				PRODUCT_BUNDLE_IDENTIFIER = com.songshu.IntellectSupply;
				PRODUCT_NAME = "智慧工地";
				PROVISIONING_PROFILE_SPECIFIER = "";
				TARGETED_DEVICE_FAMILY = 1;
				VALID_ARCHS = "armv7 armv7s arm64e arm64";
			};
			name = Debug;
		};
		0A021C17235AC2720017D8BB /* Release */ = {
			isa = XCBuildConfiguration;
			baseConfigurationReference = 72DF0235463859B442AA9448 /* Pods-ChinaNuclearSmartSite.release.xcconfig */;
			buildSettings = {
				ASSETCATALOG_COMPILER_APPICON_NAME = AppIcon;
				CODE_SIGN_ENTITLEMENTS = ChinaNuclearSmartSite/ChinaNuclearSmartSite.entitlements;
				CODE_SIGN_IDENTITY = "iPhone Distribution";
				CODE_SIGN_STYLE = Manual;
				DEVELOPMENT_TEAM = YTFCAA955H;
				ENABLE_BITCODE = NO;
				FRAMEWORK_SEARCH_PATHS = (
					"$(inherited)",
					"$(PROJECT_DIR)/ChinaNuclearSmartSite",
				);
				GCC_PRECOMPILE_PREFIX_HEADER = YES;
				GCC_PREFIX_HEADER = "$(SRCROOT)/ChinaNuclearSmartSite/ChinaNuclearSmartSitePrefixHeader.pch";
				INFOPLIST_FILE = ChinaNuclearSmartSite/Info.plist;
				IPHONEOS_DEPLOYMENT_TARGET = 9.0;
				LD_RUNPATH_SEARCH_PATHS = (
					"$(inherited)",
					"@executable_path/Frameworks",
				);
				MARKETING_VERSION = 1.0.2;
				PRODUCT_BUNDLE_IDENTIFIER = com.zhhw.znh.yfb;
				PRODUCT_NAME = "智慧工地";
				PROVISIONING_PROFILE_SPECIFIER = zhhw.znh.yfb;
				TARGETED_DEVICE_FAMILY = 1;
				VALID_ARCHS = "armv7 armv7s arm64e arm64";
			};
			name = Release;
		};
		0A021C19235AC2720017D8BB /* Debug */ = {
			isa = XCBuildConfiguration;
			buildSettings = {
				BUNDLE_LOADER = "$(TEST_HOST)";
				CODE_SIGN_STYLE = Automatic;
				INFOPLIST_FILE = ChinaNuclearSmartSiteTests/Info.plist;
				IPHONEOS_DEPLOYMENT_TARGET = 13.1;
				LD_RUNPATH_SEARCH_PATHS = (
					"$(inherited)",
					"@executable_path/Frameworks",
					"@loader_path/Frameworks",
				);
				PRODUCT_BUNDLE_IDENTIFIER = TQ.ChinaNuclearSmartSiteTests;
				PRODUCT_NAME = "$(TARGET_NAME)";
				TARGETED_DEVICE_FAMILY = "1,2";
				TEST_HOST = "$(BUILT_PRODUCTS_DIR)/ChinaNuclearSmartSite.app/ChinaNuclearSmartSite";
			};
			name = Debug;
		};
		0A021C1A235AC2720017D8BB /* Release */ = {
			isa = XCBuildConfiguration;
			buildSettings = {
				BUNDLE_LOADER = "$(TEST_HOST)";
				CODE_SIGN_STYLE = Automatic;
				INFOPLIST_FILE = ChinaNuclearSmartSiteTests/Info.plist;
				IPHONEOS_DEPLOYMENT_TARGET = 13.1;
				LD_RUNPATH_SEARCH_PATHS = (
					"$(inherited)",
					"@executable_path/Frameworks",
					"@loader_path/Frameworks",
				);
				PRODUCT_BUNDLE_IDENTIFIER = TQ.ChinaNuclearSmartSiteTests;
				PRODUCT_NAME = "$(TARGET_NAME)";
				TARGETED_DEVICE_FAMILY = "1,2";
				TEST_HOST = "$(BUILT_PRODUCTS_DIR)/ChinaNuclearSmartSite.app/ChinaNuclearSmartSite";
			};
			name = Release;
		};
		0A021C1C235AC2720017D8BB /* Debug */ = {
			isa = XCBuildConfiguration;
			buildSettings = {
				CODE_SIGN_STYLE = Automatic;
				INFOPLIST_FILE = ChinaNuclearSmartSiteUITests/Info.plist;
				LD_RUNPATH_SEARCH_PATHS = (
					"$(inherited)",
					"@executable_path/Frameworks",
					"@loader_path/Frameworks",
				);
				PRODUCT_BUNDLE_IDENTIFIER = TQ.ChinaNuclearSmartSiteUITests;
				PRODUCT_NAME = "$(TARGET_NAME)";
				TARGETED_DEVICE_FAMILY = "1,2";
				TEST_TARGET_NAME = ChinaNuclearSmartSite;
			};
			name = Debug;
		};
		0A021C1D235AC2720017D8BB /* Release */ = {
			isa = XCBuildConfiguration;
			buildSettings = {
				CODE_SIGN_STYLE = Automatic;
				INFOPLIST_FILE = ChinaNuclearSmartSiteUITests/Info.plist;
				LD_RUNPATH_SEARCH_PATHS = (
					"$(inherited)",
					"@executable_path/Frameworks",
					"@loader_path/Frameworks",
				);
				PRODUCT_BUNDLE_IDENTIFIER = TQ.ChinaNuclearSmartSiteUITests;
				PRODUCT_NAME = "$(TARGET_NAME)";
				TARGETED_DEVICE_FAMILY = "1,2";
				TEST_TARGET_NAME = ChinaNuclearSmartSite;
			};
			name = Release;
		};
/* End XCBuildConfiguration section */

/* Begin XCConfigurationList section */
		0A021BE1235AC26C0017D8BB /* Build configuration list for PBXProject "ChinaNuclearSmartSite" */ = {
			isa = XCConfigurationList;
			buildConfigurations = (
				0A021C13235AC2720017D8BB /* Debug */,
				0A021C14235AC2720017D8BB /* Release */,
			);
			defaultConfigurationIsVisible = 0;
			defaultConfigurationName = Release;
		};
		0A021C15235AC2720017D8BB /* Build configuration list for PBXNativeTarget "ChinaNuclearSmartSite" */ = {
			isa = XCConfigurationList;
			buildConfigurations = (
				0A021C16235AC2720017D8BB /* Debug */,
				0A021C17235AC2720017D8BB /* Release */,
			);
			defaultConfigurationIsVisible = 0;
			defaultConfigurationName = Release;
		};
		0A021C18235AC2720017D8BB /* Build configuration list for PBXNativeTarget "ChinaNuclearSmartSiteTests" */ = {
			isa = XCConfigurationList;
			buildConfigurations = (
				0A021C19235AC2720017D8BB /* Debug */,
				0A021C1A235AC2720017D8BB /* Release */,
			);
			defaultConfigurationIsVisible = 0;
			defaultConfigurationName = Release;
		};
		0A021C1B235AC2720017D8BB /* Build configuration list for PBXNativeTarget "ChinaNuclearSmartSiteUITests" */ = {
			isa = XCConfigurationList;
			buildConfigurations = (
				0A021C1C235AC2720017D8BB /* Debug */,
				0A021C1D235AC2720017D8BB /* Release */,
			);
			defaultConfigurationIsVisible = 0;
			defaultConfigurationName = Release;
		};
/* End XCConfigurationList section */
	};
	rootObject = 0A021BDE235AC26C0017D8BB /* Project object */;
}
